<?xml version="1.0" encoding="utf-8"?>
<Project ToolsVersion="4.0" xmlns="http://schemas.microsoft.com/developer/msbuild/2003">
  <ItemGroup>
    <Filter Include="Source Files">
      <UniqueIdentifier>{4FC737F1-C7A5-4376-A066-2A32D752A2FF}</UniqueIdentifier>
      <Extensions>cpp;c;cc;cxx;def;odl;idl;hpj;bat;asm;asmx</Extensions>
    </Filter>
    <Filter Include="Header Files">
      <UniqueIdentifier>{93995380-89BD-4b04-88EB-625FBE52EBFB}</UniqueIdentifier>
      <Extensions>h;hh;hpp;hxx;hm;inl;inc;ipp;xsd</Extensions>
    </Filter>
  </ItemGroup>
  <ItemGroup>
    <ClCompile Include="main.cpp">
      <Filter>Source Files</Filter>
    </ClCompile>
    <ClCompile Include="Src\graphics\window.cpp">
      <Filter>Source Files</Filter>
    </ClCompile>
    <ClCompile Include="Src\utils\utils.cpp">
      <Filter>Source Files</Filter>
    </ClCompile>
    <ClCompile Include="Src\logger\logger.cpp">
      <Filter>Source Files</Filter>
    </ClCompile>
    <ClCompile Include="Src\math\vector2d.cpp">
      <Filter>Source Files</Filter>
    </ClCompile>
    <ClCompile Include="Src\math\vector3d.cpp">
      <Filter>Source Files</Filter>
    </ClCompile>
    <ClCompile Include="Src\math\vector4d.cpp">
      <Filter>Source Files</Filter>
    </ClCompile>
    <ClCompile Include="Src\tests\TestCase.cpp">
      <Filter>Source Files</Filter>
    </ClCompile>
    <ClCompile Include="Src\math\matrix4.cpp">
      <Filter>Source Files</Filter>
    </ClCompile>
    <ClCompile Include="Src\math\angles.cpp">
      <Filter>Source Files</Filter>
    </ClCompile>
    <ClCompile Include="Src\utils\files.cpp">
      <Filter>Source Files</Filter>
    </ClCompile>
    <ClCompile Include="Src\graphics\shader.cpp">
      <Filter>Source Files</Filter>
    </ClCompile>
  </ItemGroup>
  <ItemGroup>
    <ClInclude Include="Src\graphics\window.h">
      <Filter>Header Files</Filter>
    </ClInclude>
    <ClInclude Include="Src\utils\utils.h">
      <Filter>Header Files</Filter>
    </ClInclude>
    <ClInclude Include="Src\logger\logger.h">
      <Filter>Header Files</Filter>
    </ClInclude>
    <ClInclude Include="Src\math\vector2d.h">
      <Filter>Header Files</Filter>
    </ClInclude>
    <ClInclude Include="Src\math\vector3d.h">
      <Filter>Header Files</Filter>
    </ClInclude>
    <ClInclude Include="Src\math\vector4d.h">
      <Filter>Header Files</Filter>
    </ClInclude>
    <ClInclude Include="Src\tests\TestCase.h">
      <Filter>Header Files</Filter>
    </ClInclude>
    <ClInclude Include="Src\math\math.h">
      <Filter>Header Files</Filter>
    </ClInclude>
    <ClInclude Include="Src\math\matrix4.h">
      <Filter>Header Files</Filter>
    </ClInclude>
    <ClInclude Include="Src\math\angles.h">
      <Filter>Header Files</Filter>
    </ClInclude>
    <ClInclude Include="Src\utils\files.h">
      <Filter>Header Files</Filter>
    </ClInclude>
    <ClInclude Include="Src\graphics\shader.h">
      <Filter>Header Files</Filter>
    </ClInclude>
  </ItemGroup>
  <ItemGroup>
    <Text Include="todo.txt" />
  </ItemGroup>
  <ItemGroup>
    <None Include="Src\shaders\basic.vert" />
    <None Include="Src\shaders\basic.frag" />
  </ItemGroup>
</Project>